
Microsoft Visual Studio Solution File, Format Version 12.00
# Visual Studio Version 16
VisualStudioVersion = 16.0.32602.291
MinimumVisualStudioVersion = 10.0.40219.1
Project("{FAE04EC0-301F-11D3-BF4B-00C04F79EFBC}") = "HOME4", "HOME4.csproj", "{1796BF06-B90D-4A5E-9B39-782FD28992A7}"
EndProject
Global
	GlobalSection(SolutionConfigurationPlatforms) = preSolution
		Debug|Any CPU = Debug|Any CPU
		Release|Any CPU = Release|Any CPU
	EndGlobalSection
	GlobalSection(ProjectConfigurationPlatforms) = postSolution
		{1796BF06-B90D-4A5E-9B39-782FD28992A7}.Debug|Any CPU.ActiveCfg = Debug|Any CPU
		{1796BF06-B90D-4A5E-9B39-782FD28992A7}.Debug|Any CPU.Build.0 = Debug|Any CPU
		{1796BF06-B90D-4A5E-9B39-782FD28992A7}.Release|Any CPU.ActiveCfg = Release|Any CPU
		{1796BF06-B90D-4A5E-9B39-782FD28992A7}.Release|Any CPU.Build.0 = Release|Any CPU
	EndGlobalSection
	GlobalSection(SolutionProperties) = preSolution
		HideSolutionNode = FALSE
	EndGlobalSection
	GlobalSection(ExtensibilityGlobals) = postSolution
		SolutionGuid = {9401CE90-219C-4E3A-A54C-772617EEF931}
	EndGlobalSection
EndGlobal
